{
  "name": "Kanban",
  "lockfileVersion": 3,
  "requires": true,
  "packages": {
    "": {
      "dependencies": {
        "@interactjs/interact": "^1.10.27",
        "interactjs": "^1.10.27"
      }
    },
    "node_modules/@interactjs/core": {
      "version": "1.10.27",
      "resolved": "https://registry.npmjs.org/@interactjs/core/-/core-1.10.27.tgz",
      "integrity": "sha512-SliUr/3ZbLAdED8LokzYzWHWMdCB5Cq+UnpXuRy+BIod1j97m4IUFf/D1iIKUBBjBcucgXbz28z96WnenVCB7Q==",
      "license": "MIT",
      "peerDependencies": {
        "@interactjs/utils": "1.10.27"
      }
    },
    "node_modules/@interactjs/interact": {
      "version": "1.10.27",
      "resolved": "https://registry.npmjs.org/@interactjs/interact/-/interact-1.10.27.tgz",
      "integrity": "sha512-XdH3A2UUzjEFGGJgFuJlhiz99tE8jB8xNh/DmnoMuL6uOQPxNA+sWRnzEVjG0+zY2P3/dbhEpi4Cn3FLPzydwA==",
      "license": "MIT",
      "dependencies": {
        "@interactjs/core": "1.10.27",
        "@interactjs/utils": "1.10.27"
      }
    },
    "node_modules/@interactjs/types": {
      "version": "1.10.27",
      "resolved": "https://registry.npmjs.org/@interactjs/types/-/types-1.10.27.tgz",
      "integrity": "sha512-BUdv0cvs4H5ODuwft2Xp4eL8Vmi3LcihK42z0Ft/FbVJZoRioBsxH+LlsBdK4tAie7PqlKGy+1oyOncu1nQ6eA==",
      "license": "MIT"
    },
    "node_modules/@interactjs/utils": {
      "version": "1.10.27",
      "resolved": "https://registry.npmjs.org/@interactjs/utils/-/utils-1.10.27.tgz",
      "integrity": "sha512-+qfLOio2OxQqg1cXSnRaCl+N8MQDQLDS9w+aOGxH8YLAhIMyt7Asxx/46//sT8orgsi16pmlBPtngPHT9s8zKw==",
      "license": "MIT"
    },
    "node_modules/interactjs": {
      "version": "1.10.27",
      "resolved": "https://registry.npmjs.org/interactjs/-/interactjs-1.10.27.tgz",
      "integrity": "sha512-y/8RcCftGAF24gSp76X2JS3XpHiUvDQyhF8i7ujemBz77hwiHDuJzftHx7thY8cxGogwGiPJ+o97kWB6eAXnsA==",
      "license": "MIT",
      "dependencies": {
        "@interactjs/types": "1.10.27"
      }
    }
  }
}
